# This file is autogenerated, do not edit; changes may be undone by the next 'dep ensure'.


[[projects]]
  branch = "master"
  digest = "1:214518d7d8af755027e4271707e130f73624200f3df2048f00bec66b3dec79b3"
  name = "github.com/araddon/dateparse"
  packages = ["."]
  pruneopts = "UT"
  revision = "d2ba70357e924a4dc132001c6faebb8a5ea9878a"

[[projects]]
  digest = "1:bc270c5a0b8bb1b41433b26806b5c0003ad9261bf777914f6ca43bdf319fa0c5"
  name = "github.com/ericlagergren/decimal"
  packages = [
    ".",
    "internal/arith",
    "internal/arith/checked",
    "internal/c",
    "math",
    "misc",
  ]
  pruneopts = "UT"
  revision = "0bb163153a5daa921bc8ccd715eeb2c50e11cb62"

[[projects]]
  digest = "1:cf31692c14422fa27c83a05292eb5cbe0fb2775972e8f1f8446a71549bd8980b"
  name = "github.com/pkg/errors"
  packages = ["."]
  pruneopts = "UT"
  revision = "ba968bfe8b2f7e042a574c888954fccecfa385b4"
  version = "v0.8.1"

[[projects]]
  branch = "master"
  digest = "1:4fb7c66fcec451c383718fc7d8c4c50f3ce905c276286d21875286e6e689fcc6"
  name = "github.com/talon-one/decimal"
  packages = ["."]
  pruneopts = "UT"
  revision = "07129d6a48dc6c1225dc2ea152b4192d27acbec0"

[[projects]]
  digest = "1:d1ebc372e6950357b8eca6343582a019b235ef46d343b723619f239dfd98f1da"
  name = "github.com/talon-one/runes"
  packages = ["."]
  pruneopts = "UT"
  revision = "47145e1bb254e10f1ef46216bf013fd7632390f1"
  version = "1.0"

[[projects]]
  branch = "master"
  digest = "1:cececf24e75271af9fae81bdfc961727e89b2ea2e93c13d806e916d250dc3d26"
  name = "github.com/talon-one/talang"
  packages = [
    ".",
    "corefn/cmp",
    "corefn/list",
    "corefn/mapping",
    "corefn/math",
    "corefn/misc",
    "corefn/string",
    "corefn/time",
    "interpreter",
    "lexer",
    "lexer/unquote",
    "token",
  ]
  pruneopts = "UT"
  revision = "cf22c936ccbe0e8685e23b5fd4cc50faf873f558"

[[projects]]
  branch = "master"
  digest = "1:5cacbcca4b9d7dc5892e335e291bc1f2070172cbfb811945bb84b5adf9d4ca1d"
  name = "github.com/vjeantet/jodaTime"
  packages = ["."]
  pruneopts = "UT"
  revision = "be924ce213fb35f66c810b61e051965eb78b82d0"

[[projects]]
  digest = "1:a5158647b553c61877aa9ae74f4015000294e47981e6b8b07525edcbb0747c81"
  name = "go.uber.org/atomic"
  packages = ["."]
  pruneopts = "UT"
  revision = "df976f2515e274675050de7b3f42545de80594fd"
  version = "v1.4.0"

[[projects]]
  digest = "1:60bf2a5e347af463c42ed31a493d817f8a72f102543060ed992754e689805d1a"
  name = "go.uber.org/multierr"
  packages = ["."]
  pruneopts = "UT"
  revision = "3c4937480c32f4c13a875a1829af76c98ca3d40a"
  version = "v1.1.0"

[[projects]]
  digest = "1:676160e6a4722b08e0e26b11521d575c2cb2b6f0c679e1ee6178c5d8dee51e5e"
  name = "go.uber.org/zap"
  packages = [
    ".",
    "buffer",
    "internal/bufferpool",
    "internal/color",
    "internal/exit",
    "zapcore",
  ]
  pruneopts = "UT"
  revision = "27376062155ad36be76b0f12cf1572a221d3a48c"
  version = "v1.10.0"

[solve-meta]
  analyzer-name = "dep"
  analyzer-version = 1
  input-imports = [
    "github.com/talon-one/talang",
    "go.uber.org/zap",
    "go.uber.org/zap/zapcore",
  ]
  solver-name = "gps-cdcl"
  solver-version = 1
